
Microsoft Visual Studio Solution File, Format Version 11.00
# Visual Studio 2010
Project("{FAE04EC0-301F-11D3-BF4B-00C04F79EFBC}") = "DefineColors", "DefineColors\DefineColors.csproj", "{7D88C16B-A7E0-4183-AF23-C7A6C9B605FA}"
EndProject
Global
	GlobalSection(SolutionConfigurationPlatforms) = preSolution
		Debug|x86 = Debug|x86
		Release|x86 = Release|x86
	EndGlobalSection
	GlobalSection(ProjectConfigurationPlatforms) = postSolution
		{7D88C16B-A7E0-4183-AF23-C7A6C9B605FA}.Debug|x86.ActiveCfg = Debug|x86
		{7D88C16B-A7E0-4183-AF23-C7A6C9B605FA}.Debug|x86.Build.0 = Debug|x86
		{7D88C16B-A7E0-4183-AF23-C7A6C9B605FA}.Release|x86.ActiveCfg = Release|x86
		{7D88C16B-A7E0-4183-AF23-C7A6C9B605FA}.Release|x86.Build.0 = Release|x86
	EndGlobalSection
	GlobalSection(SolutionProperties) = preSolution
		HideSolutionNode = FALSE
	EndGlobalSection
EndGlobal
